
Microsoft Visual Studio Solution File, Format Version 12.00
# Visual Studio Version 16
VisualStudioVersion = 16.0.31829.152
MinimumVisualStudioVersion = 10.0.40219.1
Project("{FAE04EC0-301F-11D3-BF4B-00C04F79EFBC}") = "Csharp_test", "Csharp_test\Csharp_test.csproj", "{4D25D22E-84C9-49F0-AF05-0700E529EB1C}"
EndProject
Global
	GlobalSection(SolutionConfigurationPlatforms) = preSolution
		Debug|Any CPU = Debug|Any CPU
		Release|Any CPU = Release|Any CPU
	EndGlobalSection
	GlobalSection(ProjectConfigurationPlatforms) = postSolution
		{4D25D22E-84C9-49F0-AF05-0700E529EB1C}.Debug|Any CPU.ActiveCfg = Debug|Any CPU
		{4D25D22E-84C9-49F0-AF05-0700E529EB1C}.Debug|Any CPU.Build.0 = Debug|Any CPU
		{4D25D22E-84C9-49F0-AF05-0700E529EB1C}.Release|Any CPU.ActiveCfg = Release|Any CPU
		{4D25D22E-84C9-49F0-AF05-0700E529EB1C}.Release|Any CPU.Build.0 = Release|Any CPU
	EndGlobalSection
	GlobalSection(SolutionProperties) = preSolution
		HideSolutionNode = FALSE
	EndGlobalSection
	GlobalSection(ExtensibilityGlobals) = postSolution
		SolutionGuid = {46753CB7-40B5-47A3-9AA8-8626C8884476}
	EndGlobalSection
EndGlobal
